
Microsoft Visual Studio Solution File, Format Version 12.00
# Visual Studio Version 17
VisualStudioVersion = 17.3.32811.315
MinimumVisualStudioVersion = 10.0.40219.1
Project("{FAE04EC0-301F-11D3-BF4B-00C04F79EFBC}") = "Guess the number", "Guess the number\Guess the number.csproj", "{BA28B864-627D-47F4-9E7A-30816F056E75}"
EndProject
Global
	GlobalSection(SolutionConfigurationPlatforms) = preSolution
		Debug|Any CPU = Debug|Any CPU
		Release|Any CPU = Release|Any CPU
	EndGlobalSection
	GlobalSection(ProjectConfigurationPlatforms) = postSolution
		{BA28B864-627D-47F4-9E7A-30816F056E75}.Debug|Any CPU.ActiveCfg = Debug|Any CPU
		{BA28B864-627D-47F4-9E7A-30816F056E75}.Debug|Any CPU.Build.0 = Debug|Any CPU
		{BA28B864-627D-47F4-9E7A-30816F056E75}.Release|Any CPU.ActiveCfg = Release|Any CPU
		{BA28B864-627D-47F4-9E7A-30816F056E75}.Release|Any CPU.Build.0 = Release|Any CPU
	EndGlobalSection
	GlobalSection(SolutionProperties) = preSolution
		HideSolutionNode = FALSE
	EndGlobalSection
	GlobalSection(ExtensibilityGlobals) = postSolution
		SolutionGuid = {58252182-7B3E-445C-800F-DD0938771B82}
	EndGlobalSection
EndGlobal
